{
  "name": "semana7",
  "lockfileVersion": 3,
  "requires": true,
  "packages": {
    "": {
      "dependencies": {
        "mpx": "^1.0.3"
      }
    },
    "node_modules/mobx": {
      "version": "3.6.2",
      "resolved": "https://registry.npmjs.org/mobx/-/mobx-3.6.2.tgz",
      "integrity": "sha512-Dq3boJFLpZEvuh5a/MbHLUIyN9XobKWIb0dBfkNOJffNkE3vtuY0C9kSDVpfH8BB0BPkVw8g22qCv7d05LEhKg==",
      "license": "MIT"
    },
    "node_modules/mpx": {
      "version": "1.0.3",
      "resolved": "https://registry.npmjs.org/mpx/-/mpx-1.0.3.tgz",
      "integrity": "sha512-eaqCUEKv/QqxjMXNGZjT+Ji57E/5xrUwJi7vyBH9/8HiQcAku/t8Oe1fhAhbXRSvtmypHCFhnDYt0B7rHdytFw==",
      "deprecated": "rename",
      "license": "Apache",
      "dependencies": {
        "mobx": "^3.6.1"
      }
    }
  }
}
